
Microsoft Visual Studio Solution File, Format Version 12.00
# Visual Studio Version 17
VisualStudioVersion = 17.4.33205.214
MinimumVisualStudioVersion = 10.0.40219.1
Project("{FAE04EC0-301F-11D3-BF4B-00C04F79EFBC}") = "AdvancedFlowManagement", "AdvancedFlowManagement\AdvancedFlowManagement.csproj", "{4F98E1E2-31FD-40F1-9527-DC77354FD24B}"
EndProject
Project("{2150E333-8FDC-42A3-9474-1A3956D46DE8}") = "Solution Items", "Solution Items", "{0E3A26B5-9B8C-48ED-A286-03862A029197}"
	ProjectSection(SolutionItems) = preProject
		.editorconfig = .editorconfig
	EndProjectSection
EndProject
Project("{FAE04EC0-301F-11D3-BF4B-00C04F79EFBC}") = "HighlightOverlay", "HighlightOverlay\HighlightOverlay.csproj", "{C0D8B707-EE14-4D27-BD33-6DDAB0D3D3E3}"
EndProject
Project("{FAE04EC0-301F-11D3-BF4B-00C04F79EFBC}") = "ChainErrand", "ChainErrand\ChainErrand.csproj", "{E9CD0776-3FDF-4261-A5F1-E59C9A502B06}"
EndProject
Global
	GlobalSection(SolutionConfigurationPlatforms) = preSolution
		Debug|Any CPU = Debug|Any CPU
		Release|Any CPU = Release|Any CPU
	EndGlobalSection
	GlobalSection(ProjectConfigurationPlatforms) = postSolution
		{4F98E1E2-31FD-40F1-9527-DC77354FD24B}.Debug|Any CPU.ActiveCfg = Debug|Any CPU
		{4F98E1E2-31FD-40F1-9527-DC77354FD24B}.Debug|Any CPU.Build.0 = Debug|Any CPU
		{4F98E1E2-31FD-40F1-9527-DC77354FD24B}.Release|Any CPU.ActiveCfg = Release|Any CPU
		{4F98E1E2-31FD-40F1-9527-DC77354FD24B}.Release|Any CPU.Build.0 = Release|Any CPU
		{C0D8B707-EE14-4D27-BD33-6DDAB0D3D3E3}.Debug|Any CPU.ActiveCfg = Debug|Any CPU
		{C0D8B707-EE14-4D27-BD33-6DDAB0D3D3E3}.Debug|Any CPU.Build.0 = Debug|Any CPU
		{C0D8B707-EE14-4D27-BD33-6DDAB0D3D3E3}.Release|Any CPU.ActiveCfg = Release|Any CPU
		{C0D8B707-EE14-4D27-BD33-6DDAB0D3D3E3}.Release|Any CPU.Build.0 = Release|Any CPU
		{E9CD0776-3FDF-4261-A5F1-E59C9A502B06}.Debug|Any CPU.ActiveCfg = Debug|Any CPU
		{E9CD0776-3FDF-4261-A5F1-E59C9A502B06}.Debug|Any CPU.Build.0 = Debug|Any CPU
		{E9CD0776-3FDF-4261-A5F1-E59C9A502B06}.Release|Any CPU.ActiveCfg = Release|Any CPU
		{E9CD0776-3FDF-4261-A5F1-E59C9A502B06}.Release|Any CPU.Build.0 = Release|Any CPU
	EndGlobalSection
	GlobalSection(SolutionProperties) = preSolution
		HideSolutionNode = FALSE
	EndGlobalSection
	GlobalSection(ExtensibilityGlobals) = postSolution
		SolutionGuid = {2D5A67AE-0609-41FB-BEFA-6774B0821CB5}
	EndGlobalSection
EndGlobal
